
Microsoft Visual Studio Solution File, Format Version 12.00
# Visual Studio Version 17
VisualStudioVersion = 17.6.33815.320
MinimumVisualStudioVersion = 10.0.40219.1
Project("{8BC9CEB8-8B4A-11D0-8D11-00A0C91BC942}") = "number3", "number3.vcxproj", "{29AA93FF-9587-4888-AB3A-925688AA1971}"
EndProject
Global
	GlobalSection(SolutionConfigurationPlatforms) = preSolution
		Debug|x64 = Debug|x64
		Debug|x86 = Debug|x86
		Release|x64 = Release|x64
		Release|x86 = Release|x86
	EndGlobalSection
	GlobalSection(ProjectConfigurationPlatforms) = postSolution
		{29AA93FF-9587-4888-AB3A-925688AA1971}.Debug|x64.ActiveCfg = Debug|x64
		{29AA93FF-9587-4888-AB3A-925688AA1971}.Debug|x64.Build.0 = Debug|x64
		{29AA93FF-9587-4888-AB3A-925688AA1971}.Debug|x86.ActiveCfg = Debug|Win32
		{29AA93FF-9587-4888-AB3A-925688AA1971}.Debug|x86.Build.0 = Debug|Win32
		{29AA93FF-9587-4888-AB3A-925688AA1971}.Release|x64.ActiveCfg = Release|x64
		{29AA93FF-9587-4888-AB3A-925688AA1971}.Release|x64.Build.0 = Release|x64
		{29AA93FF-9587-4888-AB3A-925688AA1971}.Release|x86.ActiveCfg = Release|Win32
		{29AA93FF-9587-4888-AB3A-925688AA1971}.Release|x86.Build.0 = Release|Win32
	EndGlobalSection
	GlobalSection(SolutionProperties) = preSolution
		HideSolutionNode = FALSE
	EndGlobalSection
	GlobalSection(ExtensibilityGlobals) = postSolution
		SolutionGuid = {E5BD0704-427B-4B47-8793-D8BA3B9D8061}
	EndGlobalSection
EndGlobal
